github.com/chai2010/bpg v0.0.0-20200705094514-88774bd8ff0e h1:NwsyVb5CIwExbNdk7B5+1s/t0KuoU2Xwsu89nfsV8P0=
github.com/chai2010/bpg v0.0.0-20200705094514-88774bd8ff0e/go.mod h1:bVl9JcFTcgoWXaNP79Fb03mjnqAIdgH6+yJSpVZQ5ik=
github.com/chai2010/guetzli-go v1.0.1 h1:Myj6KgKqhqh9/t2AYgshnnDbDO0IcnHrQJNwonbb0gI=
github.com/chai2010/guetzli-go v1.0.1/go.mod h1:0JtpemKAV0vVS2Y4PBf54fY1RogDelWxjutjAn/7Gb4=
github.com/chai2010/webp v1.1.1 h1:jTRmEccAJ4MGrhFOrPMpNGIJ/eybIgwKpcACsrTEapk=
github.com/chai2010/webp v1.1.1/go.mod h1:0XVwvZWdjjdxpUEIf7b9g9VkHFnInUSYujwqTLEuldU=
github.com/dsnet/compress v0.0.1 h1:PlZu0n3Tuv04TzpfPbrnI0HW/YwodEXDS+oPKahKF0Q=
github.com/dsnet/compress v0.0.1/go.mod h1:Aw8dCMJ7RioblQeTqt88akK31OvO8Dhf5JflhBbQEHo=
github.com/dsnet/golib v0.0.0-20171103203638-1ea166775780/go.mod h1:Lj+Z9rebOhdfkVLjJ8T6VcRQv3SXugXy999NBtR9aFY=
github.com/golang/snappy v0.0.4 h1:yAGX7huGHXlcLOEtBnF4w7FQwA26wojNCwOYAEhLjQM=
github.com/golang/snappy v0.0.4/go.mod h1:/XxbfmMg8lxefKM7IXC3fBNl/7bRcc72aCRzEWrmP2Q=
github.com/gorilla/mux v1.8.1 h1:TuBL49tXwgrFYWhqrNgrUNEY92u81SPhu7sTdzQEiWY=
github.com/gorilla/mux v1.8.1/go.mod h1:AKf9I4AEqPTmMytcMc0KkNouC66V3BtZ4qD5fmWSiMQ=
github.com/ivanlebron/mjpeg-go v0.0.0-20230313091709-a9c60d8a6b2b h1:XZec0CT/Ev4oCO6piL6RnEXOWvo2oMiKZMXanuEY9pc=
github.com/ivanlebron/mjpeg-go v0.0.0-20230313091709-a9c60d8a6b2b/go.mod h1:ke3p6Y9zmMv5X8UOPX2VXTrgMFfRy2AoZ9AejcaN/ag=
github.com/klauspost/compress v1.4.1/go.mod h1:RyIbtBH6LamlWaDj8nUwkbUhJ87Yi3uG0guNDohfE1A=
github.com/klauspost/cpuid v1.2.0/go.mod h1:Pj4uuM528wm8OyEC2QMXAi2YiTZ96dNQPGgoMS4s3ek=
github.com/mholt/archiver v3.1.1+incompatible h1:1dCVxuqs0dJseYEhi5pl7MYPH9zDa1wBi7mF09cbNkU=
github.com/mholt/archiver v3.1.1+incompatible/go.mod h1:Dh2dOXnSdiLxRiPoVfIr/fI1TwETms9B8CTWfeh7ROU=
github.com/necroin/golibs v0.0.0-20240628103613-ad709daef3bd h1:Cvl/D0ijhvcUz5g5hiw88f7EgYHEBVWhJXGPWAVbjg4=
github.com/necroin/golibs v0.0.0-20240628103613-ad709daef3bd/go.mod h1:YXmt4WGqqLISEn5bk/T4aXpSBIkl5HWD9Bplh3sSZfc=
github.com/necroin/golibs v0.0.0-20241120123653-2fa7a71451fc h1:AEx22XoG1bx9nFmnCYe/e5txOWhRCpqOiWnzGKSG1WQ=
github.com/necroin/golibs v0.0.0-20241120123653-2fa7a71451fc/go.mod h1:r84ZoM6GT6FWQDX/ee7FNJDKjA20hkoWnWv/mLWFEtg=
github.com/nickalie/go-binwrapper v0.0.0-20190114141239-525121d43c84 h1:/6MoQlTdk1eAi0J9O89ypO8umkp+H7mpnSF2ggSL62Q=
github.com/nickalie/go-binwrapper v0.0.0-20190114141239-525121d43c84/go.mod h1:Eeech2fhQ/E4bS8cdc3+SGABQ+weQYGyWBvZ/mNr5uY=
github.com/nickalie/go-mozjpegbin v0.0.0-20170427050522-d8a58e243a3d h1:D5K+g5Jagd4FwmIGhv8rslipRyRM9KeFAhLbM4OHGSA=
github.com/nickalie/go-mozjpegbin v0.0.0-20170427050522-d8a58e243a3d/go.mod h1:fXBfZIitqzWwC8zDH7nIzKVyI3I6QJtJ31pxcYirEy0=
github.com/nwaples/rardecode v1.1.3 h1:cWCaZwfM5H7nAD6PyEdcVnczzV8i/JtotnyW/dD9lEc=
github.com/nwaples/rardecode v1.1.3/go.mod h1:5DzqNKiOdpKKBH87u8VlvAnPZMXcGRhxWkRpHbbfGS0=
github.com/pierrec/lz4 v2.6.1+incompatible h1:9UY3+iC23yxF0UfGaYrGplQ+79Rg+h/q9FV9ix19jjM=
github.com/pierrec/lz4 v2.6.1+incompatible/go.mod h1:pdkljMzZIN41W+lC3N2tnIh5sFi+IEE17M5jbnwPHcY=
github.com/ulikunitz/xz v0.5.6/go.mod h1:2bypXElzHzzJZwzH67Y6wb67pO62Rzfn7BSiF4ABRW8=
github.com/ulikunitz/xz v0.5.12 h1:37Nm15o69RwBkXM0J6A5OlE67RZTfzUxTj8fB3dfcsc=
github.com/ulikunitz/xz v0.5.12/go.mod h1:nbz6k7qbPmH4IRqmfOplQw/tblSgqTqBwxkY0oWt/14=
github.com/xi2/xz v0.0.0-20171230120015-48954b6210f8 h1:nIPpBwaJSVYIxUFsDv3M8ofmx9yWTog9BfvIu0q41lo=
github.com/xi2/xz v0.0.0-20171230120015-48954b6210f8/go.mod h1:HUYIGzjTL3rfEspMxjDjgmT5uz5wzYJKVo23qUhYTos=
golang.org/x/image v0.0.0-20211028202545-6944b10bf410 h1:hTftEOvwiOq2+O8k2D5/Q7COC7k5Qcrgc2TFURJYnvQ=
golang.org/x/image v0.0.0-20211028202545-6944b10bf410/go.mod h1:023OzeP/+EPmXeapQh35lcL3II3LrY8Ic+EFFKVhULM=
golang.org/x/sys v0.26.0 h1:KHjCJyddX0LoSTb3J+vWpupP9p0oznkqVk/IfjymZbo=
golang.org/x/sys v0.26.0/go.mod h1:/VUhepiaJMQUp4+oa/7Zr1D23ma6VTLIYjOOTFZPUcA=
golang.org/x/text v0.3.6/go.mod h1:5Zoc/QRtKVWzQhOtBMvqHzDpF6irO9z98xDceosuGiQ=
golang.org/x/tools v0.0.0-20180917221912-90fa682c2a6e/go.mod h1:n7NCudcB/nEzxVGmLbDWY5pfWTLqBcC2KZ6jyYvM4mQ=
